// !$*UTF8*$!
{
	archiveVersion = 1;
	classes = {
	};
	objectVersion = 46;
	objects = {

/* Begin PBXBuildFile section */
		453716DE1E84C6030052BB3C /* Activity.swift in Sources */ = {isa = PBXBuildFile; fileRef = 453716DD1E84C6030052BB3C /* Activity.swift */; };
		456B05D11E69197200F7A293 /* User.swift in Sources */ = {isa = PBXBuildFile; fileRef = 456B05D01E69197200F7A293 /* User.swift */; };
		456B05D31E691B2B00F7A293 /* Post.swift in Sources */ = {isa = PBXBuildFile; fileRef = 456B05D21E691B2B00F7A293 /* Post.swift */; };
		4571387B1E66853F008D7775 /* ProfileViewController.swift in Sources */ = {isa = PBXBuildFile; fileRef = 4571387A1E66853F008D7775 /* ProfileViewController.swift */; };
		459809A21E613887004DCB71 /* AppDelegate.swift in Sources */ = {isa = PBXBuildFile; fileRef = 459809A11E613887004DCB71 /* AppDelegate.swift */; };
		459809A71E613887004DCB71 /* Main.storyboard in Resources */ = {isa = PBXBuildFile; fileRef = 459809A51E613887004DCB71 /* Main.storyboard */; };
		459809A91E613887004DCB71 /* Assets.xcassets in Resources */ = {isa = PBXBuildFile; fileRef = 459809A81E613887004DCB71 /* Assets.xcassets */; };
		459809AC1E613887004DCB71 /* LaunchScreen.storyboard in Resources */ = {isa = PBXBuildFile; fileRef = 459809AA1E613887004DCB71 /* LaunchScreen.storyboard */; };
		459809B71E613887004DCB71 /* SelfigramTests.swift in Sources */ = {isa = PBXBuildFile; fileRef = 459809B61E613887004DCB71 /* SelfigramTests.swift */; };
		459809C21E613887004DCB71 /* SelfigramUITests.swift in Sources */ = {isa = PBXBuildFile; fileRef = 459809C11E613887004DCB71 /* SelfigramUITests.swift */; };
		45A32EC21E6F89D1006AA0DA /* FeedTableViewController.swift in Sources */ = {isa = PBXBuildFile; fileRef = 45A32EC11E6F89D1006AA0DA /* FeedTableViewController.swift */; };
		45FD05C61E7266B500336D75 /* SelfieCell.swift in Sources */ = {isa = PBXBuildFile; fileRef = 45FD05C51E7266B500336D75 /* SelfieCell.swift */; };
		8109DA25A65DC134038BA7A6 /* Pods_Selfigram.framework in Frameworks */ = {isa = PBXBuildFile; fileRef = 4C60744E6EBB4C266B02E84E /* Pods_Selfigram.framework */; };
		DCC6F8B7C2DC7FD72B2C4009 /* Pods_SelfigramTests.framework in Frameworks */ = {isa = PBXBuildFile; fileRef = 8F3699DFF4E19FE939FA2E4B /* Pods_SelfigramTests.framework */; };
		E2154EEF9A8F712D03B7B6A6 /* Pods_SelfigramUITests.framework in Frameworks */ = {isa = PBXBuildFile; fileRef = 2173CEECBA3CCF0AA7DD55E7 /* Pods_SelfigramUITests.framework */; };
/* End PBXBuildFile section */

/* Begin PBXContainerItemProxy section */
		459809B31E613887004DCB71 /* PBXContainerItemProxy */ = {
			isa = PBXContainerItemProxy;
			containerPortal = 459809961E613886004DCB71 /* Project object */;
			proxyType = 1;
			remoteGlobalIDString = 4598099D1E613886004DCB71;
			remoteInfo = Selfigram;
		};
		459809BE1E613887004DCB71 /* PBXContainerItemProxy */ = {
			isa = PBXContainerItemProxy;
			containerPortal = 459809961E613886004DCB71 /* Project object */;
			proxyType = 1;
			remoteGlobalIDString = 4598099D1E613886004DCB71;
			remoteInfo = Selfigram;
		};
/* End PBXContainerItemProxy section */

/* Begin PBXFileReference section */
		19F5DE20BF255B13FCAAB9E1 /* Pods-SelfigramTests.debug.xcconfig */ = {isa = PBXFileReference; includeInIndex = 1; lastKnownFileType = text.xcconfig; name = "Pods-SelfigramTests.debug.xcconfig"; path = "Pods/Target Support Files/Pods-SelfigramTests/Pods-SelfigramTests.debug.xcconfig"; sourceTree = "<group>"; };
		2173CEECBA3CCF0AA7DD55E7 /* Pods_SelfigramUITests.framework */ = {isa = PBXFileReference; explicitFileType = wrapper.framework; includeInIndex = 0; path = Pods_SelfigramUITests.framework; sourceTree = BUILT_PRODUCTS_DIR; };
		2747CC2CE449B659B44E6C1E /* Pods-SelfigramUITests.release.xcconfig */ = {isa = PBXFileReference; includeInIndex = 1; lastKnownFileType = text.xcconfig; name = "Pods-SelfigramUITests.release.xcconfig"; path = "Pods/Target Support Files/Pods-SelfigramUITests/Pods-SelfigramUITests.release.xcconfig"; sourceTree = "<group>"; };
		44BADE9704F055D7D3C53C6A /* Pods-SelfigramTests.release.xcconfig */ = {isa = PBXFileReference; includeInIndex = 1; lastKnownFileType = text.xcconfig; name = "Pods-SelfigramTests.release.xcconfig"; path = "Pods/Target Support Files/Pods-SelfigramTests/Pods-SelfigramTests.release.xcconfig"; sourceTree = "<group>"; };
		453716DD1E84C6030052BB3C /* Activity.swift */ = {isa = PBXFileReference; fileEncoding = 4; lastKnownFileType = sourcecode.swift; path = Activity.swift; sourceTree = "<group>"; };
		456B05D01E69197200F7A293 /* User.swift */ = {isa = PBXFileReference; fileEncoding = 4; lastKnownFileType = sourcecode.swift; path = User.swift; sourceTree = "<group>"; };
		456B05D21E691B2B00F7A293 /* Post.swift */ = {isa = PBXFileReference; fileEncoding = 4; lastKnownFileType = sourcecode.swift; path = Post.swift; sourceTree = "<group>"; };
		4571387A1E66853F008D7775 /* ProfileViewController.swift */ = {isa = PBXFileReference; fileEncoding = 4; lastKnownFileType = sourcecode.swift; path = ProfileViewController.swift; sourceTree = "<group>"; };
		4598099E1E613887004DCB71 /* Selfigram.app */ = {isa = PBXFileReference; explicitFileType = wrapper.application; includeInIndex = 0; path = Selfigram.app; sourceTree = BUILT_PRODUCTS_DIR; };
		459809A11E613887004DCB71 /* AppDelegate.swift */ = {isa = PBXFileReference; lastKnownFileType = sourcecode.swift; path = AppDelegate.swift; sourceTree = "<group>"; };
		459809A61E613887004DCB71 /* Base */ = {isa = PBXFileReference; lastKnownFileType = file.storyboard; name = Base; path = Base.lproj/Main.storyboard; sourceTree = "<group>"; };
		459809A81E613887004DCB71 /* Assets.xcassets */ = {isa = PBXFileReference; lastKnownFileType = folder.assetcatalog; path = Assets.xcassets; sourceTree = "<group>"; };
		459809AB1E613887004DCB71 /* Base */ = {isa = PBXFileReference; lastKnownFileType = file.storyboard; name = Base; path = Base.lproj/LaunchScreen.storyboard; sourceTree = "<group>"; };
		459809AD1E613887004DCB71 /* Info.plist */ = {isa = PBXFileReference; lastKnownFileType = text.plist.xml; path = Info.plist; sourceTree = "<group>"; };
		459809B21E613887004DCB71 /* SelfigramTests.xctest */ = {isa = PBXFileReference; explicitFileType = wrapper.cfbundle; includeInIndex = 0; path = SelfigramTests.xctest; sourceTree = BUILT_PRODUCTS_DIR; };
		459809B61E613887004DCB71 /* SelfigramTests.swift */ = {isa = PBXFileReference; lastKnownFileType = sourcecode.swift; path = SelfigramTests.swift; sourceTree = "<group>"; };
		459809B81E613887004DCB71 /* Info.plist */ = {isa = PBXFileReference; lastKnownFileType = text.plist.xml; path = Info.plist; sourceTree = "<group>"; };
		459809BD1E613887004DCB71 /* SelfigramUITests.xctest */ = {isa = PBXFileReference; explicitFileType = wrapper.cfbundle; includeInIndex = 0; path = SelfigramUITests.xctest; sourceTree = BUILT_PRODUCTS_DIR; };
		459809C11E613887004DCB71 /* SelfigramUITests.swift */ = {isa = PBXFileReference; lastKnownFileType = sourcecode.swift; path = SelfigramUITests.swift; sourceTree = "<group>"; };
		459809C31E613887004DCB71 /* Info.plist */ = {isa = PBXFileReference; lastKnownFileType = text.plist.xml; path = Info.plist; sourceTree = "<group>"; };
		45A32EC11E6F89D1006AA0DA /* FeedTableViewController.swift */ = {isa = PBXFileReference; fileEncoding = 4; lastKnownFileType = sourcecode.swift; path = FeedTableViewController.swift; sourceTree = "<group>"; };
		45FD05C51E7266B500336D75 /* SelfieCell.swift */ = {isa = PBXFileReference; fileEncoding = 4; lastKnownFileType = sourcecode.swift; path = SelfieCell.swift; sourceTree = "<group>"; };
		48C53804ABE2EAB7D6FBB921 /* Pods-Selfigram.release.xcconfig */ = {isa = PBXFileReference; includeInIndex = 1; lastKnownFileType = text.xcconfig; name = "Pods-Selfigram.release.xcconfig"; path = "Pods/Target Support Files/Pods-Selfigram/Pods-Selfigram.release.xcconfig"; sourceTree = "<group>"; };
		4C60744E6EBB4C266B02E84E /* Pods_Selfigram.framework */ = {isa = PBXFileReference; explicitFileType = wrapper.framework; includeInIndex = 0; path = Pods_Selfigram.framework; sourceTree = BUILT_PRODUCTS_DIR; };
		8F3699DFF4E19FE939FA2E4B /* Pods_SelfigramTests.framework */ = {isa = PBXFileReference; explicitFileType = wrapper.framework; includeInIndex = 0; path = Pods_SelfigramTests.framework; sourceTree = BUILT_PRODUCTS_DIR; };
		DCA845F15B3A9C3EBA65D582 /* Pods-Selfigram.debug.xcconfig */ = {isa = PBXFileReference; includeInIndex = 1; lastKnownFileType = text.xcconfig; name = "Pods-Selfigram.debug.xcconfig"; path = "Pods/Target Support Files/Pods-Selfigram/Pods-Selfigram.debug.xcconfig"; sourceTree = "<group>"; };
		ED8658B8B8AE7A17E01FDB27 /* Pods-SelfigramUITests.debug.xcconfig */ = {isa = PBXFileReference; includeInIndex = 1; lastKnownFileType = text.xcconfig; name = "Pods-SelfigramUITests.debug.xcconfig"; path = "Pods/Target Support Files/Pods-SelfigramUITests/Pods-SelfigramUITests.debug.xcconfig"; sourceTree = "<group>"; };
/* End PBXFileReference section */

/* Begin PBXFrameworksBuildPhase section */
		4598099B1E613886004DCB71 /* Frameworks */ = {
			isa = PBXFrameworksBuildPhase;
			buildActionMask = 2147483647;
			files = (
				8109DA25A65DC134038BA7A6 /* Pods_Selfigram.framework in Frameworks */,
			);
			runOnlyForDeploymentPostprocessing = 0;
		};
		459809AF1E613887004DCB71 /* Frameworks */ = {
			isa = PBXFrameworksBuildPhase;
			buildActionMask = 2147483647;
			files = (
				DCC6F8B7C2DC7FD72B2C4009 /* Pods_SelfigramTests.framework in Frameworks */,
			);
			runOnlyForDeploymentPostprocessing = 0;
		};
		459809BA1E613887004DCB71 /* Frameworks */ = {
			isa = PBXFrameworksBuildPhase;
			buildActionMask = 2147483647;
			files = (
				E2154EEF9A8F712D03B7B6A6 /* Pods_SelfigramUITests.framework in Frameworks */,
			);
			runOnlyForDeploymentPostprocessing = 0;
		};
/* End PBXFrameworksBuildPhase section */

/* Begin PBXGroup section */
		459809951E613886004DCB71 = {
			isa = PBXGroup;
			children = (
				459809A01E613887004DCB71 /* Selfigram */,
				459809B51E613887004DCB71 /* SelfigramTests */,
				459809C01E613887004DCB71 /* SelfigramUITests */,
				4598099F1E613887004DCB71 /* Products */,
				B803333D900C934BBE50B620 /* Pods */,
				CA7973BD510F657540C27A54 /* Frameworks */,
			);
			sourceTree = "<group>";
		};
		4598099F1E613887004DCB71 /* Products */ = {
			isa = PBXGroup;
			children = (
				4598099E1E613887004DCB71 /* Selfigram.app */,
				459809B21E613887004DCB71 /* SelfigramTests.xctest */,
				459809BD1E613887004DCB71 /* SelfigramUITests.xctest */,
			);
			name = Products;
			sourceTree = "<group>";
		};
		459809A01E613887004DCB71 /* Selfigram */ = {
			isa = PBXGroup;
			children = (
				456B05D01E69197200F7A293 /* User.swift */,
				456B05D21E691B2B00F7A293 /* Post.swift */,
				453716DD1E84C6030052BB3C /* Activity.swift */,
				459809A11E613887004DCB71 /* AppDelegate.swift */,
				45FD05C51E7266B500336D75 /* SelfieCell.swift */,
				45A32EC11E6F89D1006AA0DA /* FeedTableViewController.swift */,
				4571387A1E66853F008D7775 /* ProfileViewController.swift */,
				459809A51E613887004DCB71 /* Main.storyboard */,
				459809AA1E613887004DCB71 /* LaunchScreen.storyboard */,
				459809A81E613887004DCB71 /* Assets.xcassets */,
				459809AD1E613887004DCB71 /* Info.plist */,
			);
			path = Selfigram;
			sourceTree = "<group>";
		};
		459809B51E613887004DCB71 /* SelfigramTests */ = {
			isa = PBXGroup;
			children = (
				459809B61E613887004DCB71 /* SelfigramTests.swift */,
				459809B81E613887004DCB71 /* Info.plist */,
			);
			path = SelfigramTests;
			sourceTree = "<group>";
		};
		459809C01E613887004DCB71 /* SelfigramUITests */ = {
			isa = PBXGroup;
			children = (
				459809C11E613887004DCB71 /* SelfigramUITests.swift */,
				459809C31E613887004DCB71 /* Info.plist */,
			);
			path = SelfigramUITests;
			sourceTree = "<group>";
		};
		B803333D900C934BBE50B620 /* Pods */ = {
			isa = PBXGroup;
			children = (
				DCA845F15B3A9C3EBA65D582 /* Pods-Selfigram.debug.xcconfig */,
				48C53804ABE2EAB7D6FBB921 /* Pods-Selfigram.release.xcconfig */,
				19F5DE20BF255B13FCAAB9E1 /* Pods-SelfigramTests.debug.xcconfig */,
				44BADE9704F055D7D3C53C6A /* Pods-SelfigramTests.release.xcconfig */,
				ED8658B8B8AE7A17E01FDB27 /* Pods-SelfigramUITests.debug.xcconfig */,
				2747CC2CE449B659B44E6C1E /* Pods-SelfigramUITests.release.xcconfig */,
			);
			name = Pods;
			sourceTree = "<group>";
		};
		CA7973BD510F657540C27A54 /* Frameworks */ = {
			isa = PBXGroup;
			children = (
				4C60744E6EBB4C266B02E84E /* Pods_Selfigram.framework */,
				8F3699DFF4E19FE939FA2E4B /* Pods_SelfigramTests.framework */,
				2173CEECBA3CCF0AA7DD55E7 /* Pods_SelfigramUITests.framework */,
			);
			name = Frameworks;
			sourceTree = "<group>";
		};
/* End PBXGroup section */

/* Begin PBXNativeTarget section */
		4598099D1E613886004DCB71 /* Selfigram */ = {
			isa = PBXNativeTarget;
			buildConfigurationList = 459809C61E613887004DCB71 /* Build configuration list for PBXNativeTarget "Selfigram" */;
			buildPhases = (
				B69DBF4542835B4E256046F1 /* [CP] Check Pods Manifest.lock */,
				4598099A1E613886004DCB71 /* Sources */,
				4598099B1E613886004DCB71 /* Frameworks */,
				4598099C1E613886004DCB71 /* Resources */,
				88591BCE9F1CFC11F2D76672 /* [CP] Embed Pods Frameworks */,
				C0B791CF057A9427EFC1A8DF /* [CP] Copy Pods Resources */,
			);
			buildRules = (
			);
			dependencies = (
			);
			name = Selfigram;
			productName = Selfigram;
			productReference = 4598099E1E613887004DCB71 /* Selfigram.app */;
			productType = "com.apple.product-type.application";
		};
		459809B11E613887004DCB71 /* SelfigramTests */ = {
			isa = PBXNativeTarget;
			buildConfigurationList = 459809C91E613887004DCB71 /* Build configuration list for PBXNativeTarget "SelfigramTests" */;
			buildPhases = (
				7134993CF59EA7318F68C1AC /* [CP] Check Pods Manifest.lock */,
				459809AE1E613887004DCB71 /* Sources */,
				459809AF1E613887004DCB71 /* Frameworks */,
				459809B01E613887004DCB71 /* Resources */,
				581C6C65E1841B962847EAF4 /* [CP] Embed Pods Frameworks */,
				4AE3C64C8AFB1479D7840098 /* [CP] Copy Pods Resources */,
			);
			buildRules = (
			);
			dependencies = (
				459809B41E613887004DCB71 /* PBXTargetDependency */,
			);
			name = SelfigramTests;
			productName = SelfigramTests;
			productReference = 459809B21E613887004DCB71 /* SelfigramTests.xctest */;
			productType = "com.apple.product-type.bundle.unit-test";
		};
		459809BC1E613887004DCB71 /* SelfigramUITests */ = {
			isa = PBXNativeTarget;
			buildConfigurationList = 459809CC1E613887004DCB71 /* Build configuration list for PBXNativeTarget "SelfigramUITests" */;
			buildPhases = (
				8CC2F0A878AADBC658DFE744 /* [CP] Check Pods Manifest.lock */,
				459809B91E613887004DCB71 /* Sources */,
				459809BA1E613887004DCB71 /* Frameworks */,
				459809BB1E613887004DCB71 /* Resources */,
				0F36523634DBB198E06FC946 /* [CP] Embed Pods Frameworks */,
				3FB24E509F83272CA3BCBE23 /* [CP] Copy Pods Resources */,
			);
			buildRules = (
			);
			dependencies = (
				459809BF1E613887004DCB71 /* PBXTargetDependency */,
			);
			name = SelfigramUITests;
			productName = SelfigramUITests;
			productReference = 459809BD1E613887004DCB71 /* SelfigramUITests.xctest */;
			productType = "com.apple.product-type.bundle.ui-testing";
		};
/* End PBXNativeTarget section */

/* Begin PBXProject section */
		459809961E613886004DCB71 /* Project object */ = {
			isa = PBXProject;
			attributes = {
				LastSwiftUpdateCheck = 0820;
				LastUpgradeCheck = 0820;
				ORGANIZATIONNAME = "Tony Shu Zhang";
				TargetAttributes = {
					4598099D1E613886004DCB71 = {
						CreatedOnToolsVersion = 8.2.1;
						ProvisioningStyle = Automatic;
					};
					459809B11E613887004DCB71 = {
						CreatedOnToolsVersion = 8.2.1;
						ProvisioningStyle = Automatic;
						TestTargetID = 4598099D1E613886004DCB71;
					};
					459809BC1E613887004DCB71 = {
						CreatedOnToolsVersion = 8.2.1;
						ProvisioningStyle = Automatic;
						TestTargetID = 4598099D1E613886004DCB71;
					};
				};
			};
			buildConfigurationList = 459809991E613886004DCB71 /* Build configuration list for PBXProject "Selfigram" */;
			compatibilityVersion = "Xcode 3.2";
			developmentRegion = English;
			hasScannedForEncodings = 0;
			knownRegions = (
				en,
				Base,
			);
			mainGroup = 459809951E613886004DCB71;
			productRefGroup = 4598099F1E613887004DCB71 /* Products */;
			projectDirPath = "";
			projectRoot = "";
			targets = (
				4598099D1E613886004DCB71 /* Selfigram */,
				459809B11E613887004DCB71 /* SelfigramTests */,
				459809BC1E613887004DCB71 /* SelfigramUITests */,
			);
		};
/* End PBXProject section */

/* Begin PBXResourcesBuildPhase section */
		4598099C1E613886004DCB71 /* Resources */ = {
			isa = PBXResourcesBuildPhase;
			buildActionMask = 2147483647;
			files = (
				459809AC1E613887004DCB71 /* LaunchScreen.storyboard in Resources */,
				459809A91E613887004DCB71 /* Assets.xcassets in Resources */,
				459809A71E613887004DCB71 /* Main.storyboard in Resources */,
			);
			runOnlyForDeploymentPostprocessing = 0;
		};
		459809B01E613887004DCB71 /* Resources */ = {
			isa = PBXResourcesBuildPhase;
			buildActionMask = 2147483647;
			files = (
			);
			runOnlyForDeploymentPostprocessing = 0;
		};
		459809BB1E613887004DCB71 /* Resources */ = {
			isa = PBXResourcesBuildPhase;
			buildActionMask = 2147483647;
			files = (
			);
			runOnlyForDeploymentPostprocessing = 0;
		};
/* End PBXResourcesBuildPhase section */

/* Begin PBXShellScriptBuildPhase section */
		0F36523634DBB198E06FC946 /* [CP] Embed Pods Frameworks */ = {
			isa = PBXShellScriptBuildPhase;
			buildActionMask = 2147483647;
			files = (
			);
			inputPaths = (
			);
			name = "[CP] Embed Pods Frameworks";
			outputPaths = (
			);
			runOnlyForDeploymentPostprocessing = 0;
			shellPath = /bin/sh;
			shellScript = "\"${SRCROOT}/Pods/Target Support Files/Pods-SelfigramUITests/Pods-SelfigramUITests-frameworks.sh\"\n";
			showEnvVarsInLog = 0;
		};
		3FB24E509F83272CA3BCBE23 /* [CP] Copy Pods Resources */ = {
			isa = PBXShellScriptBuildPhase;
			buildActionMask = 2147483647;
			files = (
			);
			inputPaths = (
			);
			name = "[CP] Copy Pods Resources";
			outputPaths = (
			);
			runOnlyForDeploymentPostprocessing = 0;
			shellPath = /bin/sh;
			shellScript = "\"${SRCROOT}/Pods/Target Support Files/Pods-SelfigramUITests/Pods-SelfigramUITests-resources.sh\"\n";
			showEnvVarsInLog = 0;
		};
		4AE3C64C8AFB1479D7840098 /* [CP] Copy Pods Resources */ = {
			isa = PBXShellScriptBuildPhase;
			buildActionMask = 2147483647;
			files = (
			);
			inputPaths = (
			);
			name = "[CP] Copy Pods Resources";
			outputPaths = (
			);
			runOnlyForDeploymentPostprocessing = 0;
			shellPath = /bin/sh;
			shellScript = "\"${SRCROOT}/Pods/Target Support Files/Pods-SelfigramTests/Pods-SelfigramTests-resources.sh\"\n";
			showEnvVarsInLog = 0;
		};
		581C6C65E1841B962847EAF4 /* [CP] Embed Pods Frameworks */ = {
			isa = PBXShellScriptBuildPhase;
			buildActionMask = 2147483647;
			files = (
			);
			inputPaths = (
			);
			name = "[CP] Embed Pods Frameworks";
			outputPaths = (
			);
			runOnlyForDeploymentPostprocessing = 0;
			shellPath = /bin/sh;
			shellScript = "\"${SRCROOT}/Pods/Target Support Files/Pods-SelfigramTests/Pods-SelfigramTests-frameworks.sh\"\n";
			showEnvVarsInLog = 0;
		};
		7134993CF59EA7318F68C1AC /* [CP] Check Pods Manifest.lock */ = {
			isa = PBXShellScriptBuildPhase;
			buildActionMask = 2147483647;
			files = (
			);
			inputPaths = (
			);
			name = "[CP] Check Pods Manifest.lock";
			outputPaths = (
			);
			runOnlyForDeploymentPostprocessing = 0;
			shellPath = /bin/sh;
			shellScript = "diff \"${PODS_ROOT}/../Podfile.lock\" \"${PODS_ROOT}/Manifest.lock\" > /dev/null\nif [ $? != 0 ] ; then\n    # print error to STDERR\n    echo \"error: The sandbox is not in sync with the Podfile.lock. Run 'pod install' or update your CocoaPods installation.\" >&2\n    exit 1\nfi\n";
			showEnvVarsInLog = 0;
		};
		88591BCE9F1CFC11F2D76672 /* [CP] Embed Pods Frameworks */ = {
			isa = PBXShellScriptBuildPhase;
			buildActionMask = 2147483647;
			files = (
			);
			inputPaths = (
			);
			name = "[CP] Embed Pods Frameworks";
			outputPaths = (
			);
			runOnlyForDeploymentPostprocessing = 0;
			shellPath = /bin/sh;
			shellScript = "\"${SRCROOT}/Pods/Target Support Files/Pods-Selfigram/Pods-Selfigram-frameworks.sh\"\n";
			showEnvVarsInLog = 0;
		};
		8CC2F0A878AADBC658DFE744 /* [CP] Check Pods Manifest.lock */ = {
			isa = PBXShellScriptBuildPhase;
			buildActionMask = 2147483647;
			files = (
			);
			inputPaths = (
			);
			name = "[CP] Check Pods Manifest.lock";
			outputPaths = (
			);
			runOnlyForDeploymentPostprocessing = 0;
			shellPath = /bin/sh;
			shellScript = "diff \"${PODS_ROOT}/../Podfile.lock\" \"${PODS_ROOT}/Manifest.lock\" > /dev/null\nif [ $? != 0 ] ; then\n    # print error to STDERR\n    echo \"error: The sandbox is not in sync with the Podfile.lock. Run 'pod install' or update your CocoaPods installation.\" >&2\n    exit 1\nfi\n";
			showEnvVarsInLog = 0;
		};
		B69DBF4542835B4E256046F1 /* [CP] Check Pods Manifest.lock */ = {
			isa = PBXShellScriptBuildPhase;
			buildActionMask = 2147483647;
			files = (
			);
			inputPaths = (
			);
			name = "[CP] Check Pods Manifest.lock";
			outputPaths = (
			);
			runOnlyForDeploymentPostprocessing = 0;
			shellPath = /bin/sh;
			shellScript = "diff \"${PODS_ROOT}/../Podfile.lock\" \"${PODS_ROOT}/Manifest.lock\" > /dev/null\nif [ $? != 0 ] ; then\n    # print error to STDERR\n    echo \"error: The sandbox is not in sync with the Podfile.lock. Run 'pod install' or update your CocoaPods installation.\" >&2\n    exit 1\nfi\n";
			showEnvVarsInLog = 0;
		};
		C0B791CF057A9427EFC1A8DF /* [CP] Copy Pods Resources */ = {
			isa = PBXShellScriptBuildPhase;
			buildActionMask = 2147483647;
			files = (
			);
			inputPaths = (
			);
			name = "[CP] Copy Pods Resources";
			outputPaths = (
			);
			runOnlyForDeploymentPostprocessing = 0;
			shellPath = /bin/sh;
			shellScript = "\"${SRCROOT}/Pods/Target Support Files/Pods-Selfigram/Pods-Selfigram-resources.sh\"\n";
			showEnvVarsInLog = 0;
		};
/* End PBXShellScriptBuildPhase section */

/* Begin PBXSourcesBuildPhase section */
		4598099A1E613886004DCB71 /* Sources */ = {
			isa = PBXSourcesBuildPhase;
			buildActionMask = 2147483647;
			files = (
				456B05D11E69197200F7A293 /* User.swift in Sources */,
				45A32EC21E6F89D1006AA0DA /* FeedTableViewController.swift in Sources */,
				453716DE1E84C6030052BB3C /* Activity.swift in Sources */,
				4571387B1E66853F008D7775 /* ProfileViewController.swift in Sources */,
				45FD05C61E7266B500336D75 /* SelfieCell.swift in Sources */,
				459809A21E613887004DCB71 /* AppDelegate.swift in Sources */,
				456B05D31E691B2B00F7A293 /* Post.swift in Sources */,
			);
			runOnlyForDeploymentPostprocessing = 0;
		};
		459809AE1E613887004DCB71 /* Sources */ = {
			isa = PBXSourcesBuildPhase;
			buildActionMask = 2147483647;
			files = (
				459809B71E613887004DCB71 /* SelfigramTests.swift in Sources */,
			);
			runOnlyForDeploymentPostprocessing = 0;
		};
		459809B91E613887004DCB71 /* Sources */ = {
			isa = PBXSourcesBuildPhase;
			buildActionMask = 2147483647;
			files = (
				459809C21E613887004DCB71 /* SelfigramUITests.swift in Sources */,
			);
			runOnlyForDeploymentPostprocessing = 0;
		};
/* End PBXSourcesBuildPhase section */

/* Begin PBXTargetDependency section */
		459809B41E613887004DCB71 /* PBXTargetDependency */ = {
			isa = PBXTargetDependency;
			target = 4598099D1E613886004DCB71 /* Selfigram */;
			targetProxy = 459809B31E613887004DCB71 /* PBXContainerItemProxy */;
		};
		459809BF1E613887004DCB71 /* PBXTargetDependency */ = {
			isa = PBXTargetDependency;
			target = 4598099D1E613886004DCB71 /* Selfigram */;
			targetProxy = 459809BE1E613887004DCB71 /* PBXContainerItemProxy */;
		};
/* End PBXTargetDependency section */

/* Begin PBXVariantGroup section */
		459809A51E613887004DCB71 /* Main.storyboard */ = {
			isa = PBXVariantGroup;
			children = (
				459809A61E613887004DCB71 /* Base */,
			);
			name = Main.storyboard;
			sourceTree = "<group>";
		};
		459809AA1E613887004DCB71 /* LaunchScreen.storyboard */ = {
			isa = PBXVariantGroup;
			children = (
				459809AB1E613887004DCB71 /* Base */,
			);
			name = LaunchScreen.storyboard;
			sourceTree = "<group>";
		};
/* End PBXVariantGroup section */

/* Begin XCBuildConfiguration section */
		459809C41E613887004DCB71 /* Debug */ = {
			isa = XCBuildConfiguration;
			buildSettings = {
				ALWAYS_SEARCH_USER_PATHS = NO;
				CLANG_ANALYZER_NONNULL = YES;
				CLANG_CXX_LANGUAGE_STANDARD = "gnu++0x";
				CLANG_CXX_LIBRARY = "libc++";
				CLANG_ENABLE_MODULES = YES;
				CLANG_ENABLE_OBJC_ARC = YES;
				CLANG_WARN_BOOL_CONVERSION = YES;
				CLANG_WARN_CONSTANT_CONVERSION = YES;
				CLANG_WARN_DIRECT_OBJC_ISA_USAGE = YES_ERROR;
				CLANG_WARN_DOCUMENTATION_COMMENTS = YES;
				CLANG_WARN_EMPTY_BODY = YES;
				CLANG_WARN_ENUM_CONVERSION = YES;
				CLANG_WARN_INFINITE_RECURSION = YES;
				CLANG_WARN_INT_CONVERSION = YES;
				CLANG_WARN_OBJC_ROOT_CLASS = YES_ERROR;
				CLANG_WARN_SUSPICIOUS_MOVE = YES;
				CLANG_WARN_UNREACHABLE_CODE = YES;
				CLANG_WARN__DUPLICATE_METHOD_MATCH = YES;
				"CODE_SIGN_IDENTITY[sdk=iphoneos*]" = "iPhone Developer";
				COPY_PHASE_STRIP = NO;
				DEBUG_INFORMATION_FORMAT = dwarf;
				ENABLE_STRICT_OBJC_MSGSEND = YES;
				ENABLE_TESTABILITY = YES;
				GCC_C_LANGUAGE_STANDARD = gnu99;
				GCC_DYNAMIC_NO_PIC = NO;
				GCC_NO_COMMON_BLOCKS = YES;
				GCC_OPTIMIZATION_LEVEL = 0;
				GCC_PREPROCESSOR_DEFINITIONS = (
					"DEBUG=1",
					"$(inherited)",
				);
				GCC_WARN_64_TO_32_BIT_CONVERSION = YES;
				GCC_WARN_ABOUT_RETURN_TYPE = YES_ERROR;
				GCC_WARN_UNDECLARED_SELECTOR = YES;
				GCC_WARN_UNINITIALIZED_AUTOS = YES_AGGRESSIVE;
				GCC_WARN_UNUSED_FUNCTION = YES;
				GCC_WARN_UNUSED_VARIABLE = YES;
				IPHONEOS_DEPLOYMENT_TARGET = 10.2;
				MTL_ENABLE_DEBUG_INFO = YES;
				ONLY_ACTIVE_ARCH = YES;
				SDKROOT = iphoneos;
				SWIFT_ACTIVE_COMPILATION_CONDITIONS = DEBUG;
				SWIFT_OPTIMIZATION_LEVEL = "-Onone";
			};
			name = Debug;
		};
		459809C51E613887004DCB71 /* Release */ = {
			isa = XCBuildConfiguration;
			buildSettings = {
				ALWAYS_SEARCH_USER_PATHS = NO;
				CLANG_ANALYZER_NONNULL = YES;
				CLANG_CXX_LANGUAGE_STANDARD = "gnu++0x";
				CLANG_CXX_LIBRARY = "libc++";
				CLANG_ENABLE_MODULES = YES;
				CLANG_ENABLE_OBJC_ARC = YES;
				CLANG_WARN_BOOL_CONVERSION = YES;
				CLANG_WARN_CONSTANT_CONVERSION = YES;
				CLANG_WARN_DIRECT_OBJC_ISA_USAGE = YES_ERROR;
				CLANG_WARN_DOCUMENTATION_COMMENTS = YES;
				CLANG_WARN_EMPTY_BODY = YES;
				CLANG_WARN_ENUM_CONVERSION = YES;
				CLANG_WARN_INFINITE_RECURSION = YES;
				CLANG_WARN_INT_CONVERSION = YES;
				CLANG_WARN_OBJC_ROOT_CLASS = YES_ERROR;
				CLANG_WARN_SUSPICIOUS_MOVE = YES;
				CLANG_WARN_UNREACHABLE_CODE = YES;
				CLANG_WARN__DUPLICATE_METHOD_MATCH = YES;
				"CODE_SIGN_IDENTITY[sdk=iphoneos*]" = "iPhone Developer";
				COPY_PHASE_STRIP = NO;
				DEBUG_INFORMATION_FORMAT = "dwarf-with-dsym";
				ENABLE_NS_ASSERTIONS = NO;
				ENABLE_STRICT_OBJC_MSGSEND = YES;
				GCC_C_LANGUAGE_STANDARD = gnu99;
				GCC_NO_COMMON_BLOCKS = YES;
				GCC_WARN_64_TO_32_BIT_CONVERSION = YES;
				GCC_WARN_ABOUT_RETURN_TYPE = YES_ERROR;
				GCC_WARN_UNDECLARED_SELECTOR = YES;
				GCC_WARN_UNINITIALIZED_AUTOS = YES_AGGRESSIVE;
				GCC_WARN_UNUSED_FUNCTION = YES;
				GCC_WARN_UNUSED_VARIABLE = YES;
				IPHONEOS_DEPLOYMENT_TARGET = 10.2;
				MTL_ENABLE_DEBUG_INFO = NO;
				SDKROOT = iphoneos;
				SWIFT_OPTIMIZATION_LEVEL = "-Owholemodule";
				VALIDATE_PRODUCT = YES;
			};
			name = Release;
		};
		459809C71E613887004DCB71 /* Debug */ = {
			isa = XCBuildConfiguration;
			baseConfigurationReference = DCA845F15B3A9C3EBA65D582 /* Pods-Selfigram.debug.xcconfig */;
			buildSettings = {
				ASSETCATALOG_COMPILER_APPICON_NAME = AppIcon;
				INFOPLIST_FILE = Selfigram/Info.plist;
				LD_RUNPATH_SEARCH_PATHS = "$(inherited) @executable_path/Frameworks";
				PRODUCT_BUNDLE_IDENTIFIER = Tony.Selfigram;
				PRODUCT_NAME = "$(TARGET_NAME)";
				SWIFT_VERSION = 3.0;
			};
			name = Debug;
		};
		459809C81E613887004DCB71 /* Release */ = {
			isa = XCBuildConfiguration;
			baseConfigurationReference = 48C53804ABE2EAB7D6FBB921 /* Pods-Selfigram.release.xcconfig */;
			buildSettings = {
				ASSETCATALOG_COMPILER_APPICON_NAME = AppIcon;
				INFOPLIST_FILE = Selfigram/Info.plist;
				LD_RUNPATH_SEARCH_PATHS = "$(inherited) @executable_path/Frameworks";
				PRODUCT_BUNDLE_IDENTIFIER = Tony.Selfigram;
				PRODUCT_NAME = "$(TARGET_NAME)";
				SWIFT_VERSION = 3.0;
			};
			name = Release;
		};
		459809CA1E613887004DCB71 /* Debug */ = {
			isa = XCBuildConfiguration;
			baseConfigurationReference = 19F5DE20BF255B13FCAAB9E1 /* Pods-SelfigramTests.debug.xcconfig */;
			buildSettings = {
				ALWAYS_EMBED_SWIFT_STANDARD_LIBRARIES = YES;
				BUNDLE_LOADER = "$(TEST_HOST)";
				INFOPLIST_FILE = SelfigramTests/Info.plist;
				LD_RUNPATH_SEARCH_PATHS = "$(inherited) @executable_path/Frameworks @loader_path/Frameworks";
				PRODUCT_BUNDLE_IDENTIFIER = Tony.SelfigramTests;
				PRODUCT_NAME = "$(TARGET_NAME)";
				SWIFT_VERSION = 3.0;
				TEST_HOST = "$(BUILT_PRODUCTS_DIR)/Selfigram.app/Selfigram";
			};
			name = Debug;
		};
		459809CB1E613887004DCB71 /* Release */ = {
			isa = XCBuildConfiguration;
			baseConfigurationReference = 44BADE9704F055D7D3C53C6A /* Pods-SelfigramTests.release.xcconfig */;
			buildSettings = {
				ALWAYS_EMBED_SWIFT_STANDARD_LIBRARIES = YES;
				BUNDLE_LOADER = "$(TEST_HOST)";
				INFOPLIST_FILE = SelfigramTests/Info.plist;
				LD_RUNPATH_SEARCH_PATHS = "$(inherited) @executable_path/Frameworks @loader_path/Frameworks";
				PRODUCT_BUNDLE_IDENTIFIER = Tony.SelfigramTests;
				PRODUCT_NAME = "$(TARGET_NAME)";
				SWIFT_VERSION = 3.0;
				TEST_HOST = "$(BUILT_PRODUCTS_DIR)/Selfigram.app/Selfigram";
			};
			name = Release;
		};
		459809CD1E613887004DCB71 /* Debug */ = {
			isa = XCBuildConfiguration;
			baseConfigurationReference = ED8658B8B8AE7A17E01FDB27 /* Pods-SelfigramUITests.debug.xcconfig */;
			buildSettings = {
				ALWAYS_EMBED_SWIFT_STANDARD_LIBRARIES = YES;
				INFOPLIST_FILE = SelfigramUITests/Info.plist;
				LD_RUNPATH_SEARCH_PATHS = "$(inherited) @executable_path/Frameworks @loader_path/Frameworks";
				PRODUCT_BUNDLE_IDENTIFIER = Tony.SelfigramUITests;
				PRODUCT_NAME = "$(TARGET_NAME)";
				SWIFT_VERSION = 3.0;
				TEST_TARGET_NAME = Selfigram;
			};
			name = Debug;
		};
		459809CE1E613887004DCB71 /* Release */ = {
			isa = XCBuildConfiguration;
			baseConfigurationReference = 2747CC2CE449B659B44E6C1E /* Pods-SelfigramUITests.release.xcconfig */;
			buildSettings = {
				ALWAYS_EMBED_SWIFT_STANDARD_LIBRARIES = YES;
				INFOPLIST_FILE = SelfigramUITests/Info.plist;
				LD_RUNPATH_SEARCH_PATHS = "$(inherited) @executable_path/Frameworks @loader_path/Frameworks";
				PRODUCT_BUNDLE_IDENTIFIER = Tony.SelfigramUITests;
				PRODUCT_NAME = "$(TARGET_NAME)";
				SWIFT_VERSION = 3.0;
				TEST_TARGET_NAME = Selfigram;
			};
			name = Release;
		};
/* End XCBuildConfiguration section */

/* Begin XCConfigurationList section */
		459809991E613886004DCB71 /* Build configuration list for PBXProject "Selfigram" */ = {
			isa = XCConfigurationList;
			buildConfigurations = (
				459809C41E613887004DCB71 /* Debug */,
				459809C51E613887004DCB71 /* Release */,
			);
			defaultConfigurationIsVisible = 0;
			defaultConfigurationName = Release;
		};
		459809C61E613887004DCB71 /* Build configuration list for PBXNativeTarget "Selfigram" */ = {
			isa = XCConfigurationList;
			buildConfigurations = (
				459809C71E613887004DCB71 /* Debug */,
				459809C81E613887004DCB71 /* Release */,
			);
			defaultConfigurationIsVisible = 0;
			defaultConfigurationName = Release;
		};
		459809C91E613887004DCB71 /* Build configuration list for PBXNativeTarget "SelfigramTests" */ = {
			isa = XCConfigurationList;
			buildConfigurations = (
				459809CA1E613887004DCB71 /* Debug */,
				459809CB1E613887004DCB71 /* Release */,
			);
			defaultConfigurationIsVisible = 0;
			defaultConfigurationName = Release;
		};
		459809CC1E613887004DCB71 /* Build configuration list for PBXNativeTarget "SelfigramUITests" */ = {
			isa = XCConfigurationList;
			buildConfigurations = (
				459809CD1E613887004DCB71 /* Debug */,
				459809CE1E613887004DCB71 /* Release */,
			);
			defaultConfigurationIsVisible = 0;
			defaultConfigurationName = Release;
		};
/* End XCConfigurationList section */
	};
	rootObject = 459809961E613886004DCB71 /* Project object */;
}
